
Microsoft Visual Studio Solution File, Format Version 12.00
# Visual Studio Version 18
VisualStudioVersion = 18.2.11415.280
MinimumVisualStudioVersion = 10.0.40219.1
Project("{9A19103F-16F7-4668-BE54-9A1E7A4F7556}") = "VIrecord", "VIrecord\VIrecord.csproj", "{C5AE4585-E9EC-4FA3-B75A-E1210635ACB6}"
	ProjectSection(ProjectDependencies) = postProject
		{254E398D-F7F5-4B2A-9024-5C121EA6C564} = {254E398D-F7F5-4B2A-9024-5C121EA6C564}
	EndProjectSection
EndProject
Project("{9A19103F-16F7-4668-BE54-9A1E7A4F7556}") = "VIrecord.HistoryLib", "VIrecord.HistoryLib\VIrecord.HistoryLib.csproj", "{E7DE6237-AEA2-498B-8F56-9B392472C490}"
EndProject
Project("{9A19103F-16F7-4668-BE54-9A1E7A4F7556}") = "VIrecord.ScreenCaptureLib", "VIrecord.ScreenCaptureLib\VIrecord.ScreenCaptureLib.csproj", "{DBDB0DAA-B3AE-4CC4-A8C2-20550B7F32E3}"
EndProject
Project("{9A19103F-16F7-4668-BE54-9A1E7A4F7556}") = "VIrecord.HelpersLib", "VIrecord.HelpersLib\VIrecord.HelpersLib.csproj", "{327750E1-9FB7-4CC3-8AEA-9BC42180CAD3}"
EndProject
Project("{9A19103F-16F7-4668-BE54-9A1E7A4F7556}") = "VIrecord.UploadersLib", "VIrecord.UploadersLib\VIrecord.UploadersLib.csproj", "{E1C94415-3424-4517-A2A1-B2FDD1F59C67}"
EndProject
Project("{9A19103F-16F7-4668-BE54-9A1E7A4F7556}") = "VIrecord.IndexerLib", "VIrecord.IndexerLib\VIrecord.IndexerLib.csproj", "{750C6F46-2C5A-4488-81D3-3B35CA50F3EE}"
EndProject
Project("{9A19103F-16F7-4668-BE54-9A1E7A4F7556}") = "VIrecord.ImageEffectsLib", "VIrecord.ImageEffectsLib\VIrecord.ImageEffectsLib.csproj", "{D13441B6-96E1-4D1B-8A95-58A7D6CB1E24}"
EndProject
Project("{9A19103F-16F7-4668-BE54-9A1E7A4F7556}") = "VIrecord.Setup", "VIrecord.Setup\VIrecord.Setup.csproj", "{3D19A94A-7A58-4451-A686-EE70B471C206}"
EndProject
Project("{9A19103F-16F7-4668-BE54-9A1E7A4F7556}") = "VIrecord.MediaLib", "VIrecord.MediaLib\VIrecord.MediaLib.csproj", "{1A190E53-1419-4CC2-B0E5-3BC7EA861C8B}"
EndProject
Project("{9A19103F-16F7-4668-BE54-9A1E7A4F7556}") = "VIrecord.Steam", "VIrecord.Steam\VIrecord.Steam.csproj", "{7F6ADFC5-2563-4A5F-B202-93B553578719}"
EndProject
Project("{9A19103F-16F7-4668-BE54-9A1E7A4F7556}") = "VIrecord.NativeMessagingHost", "VIrecord.NativeMessagingHost\VIrecord.NativeMessagingHost.csproj", "{254E398D-F7F5-4B2A-9024-5C121EA6C564}"
EndProject
Project("{2150E333-8FDC-42A3-9474-1A3956D46DE8}") = "Solution Items", "Solution Items", "{515655AC-4716-420E-BBA9-318680DBF355}"
	ProjectSection(SolutionItems) = preProject
		.editorconfig = .editorconfig
		.github\workflows\build.yml = .github\workflows\build.yml
		Directory.build.props = Directory.build.props
		Directory.build.targets = Directory.build.targets
		Directory.Packages.props = Directory.Packages.props
	EndProjectSection
EndProject
Project("{FAE04EC0-301F-11D3-BF4B-00C04F79EFBC}") = "VIrecord.ImageEditor", "VIrecord.ImageEditor\VIrecord.ImageEditor.csproj", "{0156A9D8-E6EC-CE3A-92B7-AE1A23B9FBAE}"
EndProject
Project("{FAE04EC0-301F-11D3-BF4B-00C04F79EFBC}") = "VIrecord.ImageEditor.App", "VIrecord.ImageEditor.App\VIrecord.ImageEditor.App.csproj", "{2B7C7A64-7C25-4EEC-4CF0-73AB0C7788BA}"
EndProject
Global
	GlobalSection(SolutionConfigurationPlatforms) = preSolution
		Debug|ARM64 = Debug|ARM64
		Debug|x64 = Debug|x64
		MicrosoftStore|ARM64 = MicrosoftStore|ARM64
		MicrosoftStore|x64 = MicrosoftStore|x64
		MicrosoftStoreDebug|ARM64 = MicrosoftStoreDebug|ARM64
		MicrosoftStoreDebug|x64 = MicrosoftStoreDebug|x64
		Release|ARM64 = Release|ARM64
		Release|x64 = Release|x64
		Steam|ARM64 = Steam|ARM64
		Steam|x64 = Steam|x64
	EndGlobalSection
	GlobalSection(ProjectConfigurationPlatforms) = postSolution
		{C5AE4585-E9EC-4FA3-B75A-E1210635ACB6}.Debug|ARM64.ActiveCfg = Debug|ARM64
		{C5AE4585-E9EC-4FA3-B75A-E1210635ACB6}.Debug|ARM64.Build.0 = Debug|ARM64
		{C5AE4585-E9EC-4FA3-B75A-E1210635ACB6}.Debug|x64.ActiveCfg = Debug|x64
		{C5AE4585-E9EC-4FA3-B75A-E1210635ACB6}.Debug|x64.Build.0 = Debug|x64
		{C5AE4585-E9EC-4FA3-B75A-E1210635ACB6}.MicrosoftStore|ARM64.ActiveCfg = MicrosoftStore|ARM64
		{C5AE4585-E9EC-4FA3-B75A-E1210635ACB6}.MicrosoftStore|ARM64.Build.0 = MicrosoftStore|ARM64
		{C5AE4585-E9EC-4FA3-B75A-E1210635ACB6}.MicrosoftStore|x64.ActiveCfg = MicrosoftStore|x64
		{C5AE4585-E9EC-4FA3-B75A-E1210635ACB6}.MicrosoftStore|x64.Build.0 = MicrosoftStore|x64
		{C5AE4585-E9EC-4FA3-B75A-E1210635ACB6}.MicrosoftStoreDebug|ARM64.ActiveCfg = MicrosoftStoreDebug|ARM64
		{C5AE4585-E9EC-4FA3-B75A-E1210635ACB6}.MicrosoftStoreDebug|ARM64.Build.0 = MicrosoftStoreDebug|ARM64
		{C5AE4585-E9EC-4FA3-B75A-E1210635ACB6}.MicrosoftStoreDebug|x64.ActiveCfg = MicrosoftStoreDebug|x64
		{C5AE4585-E9EC-4FA3-B75A-E1210635ACB6}.MicrosoftStoreDebug|x64.Build.0 = MicrosoftStoreDebug|x64
		{C5AE4585-E9EC-4FA3-B75A-E1210635ACB6}.Release|ARM64.ActiveCfg = Release|ARM64
		{C5AE4585-E9EC-4FA3-B75A-E1210635ACB6}.Release|ARM64.Build.0 = Release|ARM64
		{C5AE4585-E9EC-4FA3-B75A-E1210635ACB6}.Release|x64.ActiveCfg = Release|x64
		{C5AE4585-E9EC-4FA3-B75A-E1210635ACB6}.Release|x64.Build.0 = Release|x64
		{C5AE4585-E9EC-4FA3-B75A-E1210635ACB6}.Steam|ARM64.ActiveCfg = Steam|ARM64
		{C5AE4585-E9EC-4FA3-B75A-E1210635ACB6}.Steam|ARM64.Build.0 = Steam|ARM64
		{C5AE4585-E9EC-4FA3-B75A-E1210635ACB6}.Steam|x64.ActiveCfg = Steam|x64
		{C5AE4585-E9EC-4FA3-B75A-E1210635ACB6}.Steam|x64.Build.0 = Steam|x64
		{E7DE6237-AEA2-498B-8F56-9B392472C490}.Debug|ARM64.ActiveCfg = Debug|ARM64
		{E7DE6237-AEA2-498B-8F56-9B392472C490}.Debug|ARM64.Build.0 = Debug|ARM64
		{E7DE6237-AEA2-498B-8F56-9B392472C490}.Debug|x64.ActiveCfg = Debug|x64
		{E7DE6237-AEA2-498B-8F56-9B392472C490}.Debug|x64.Build.0 = Debug|x64
		{E7DE6237-AEA2-498B-8F56-9B392472C490}.MicrosoftStore|ARM64.ActiveCfg = MicrosoftStore|ARM64
		{E7DE6237-AEA2-498B-8F56-9B392472C490}.MicrosoftStore|ARM64.Build.0 = MicrosoftStore|ARM64
		{E7DE6237-AEA2-498B-8F56-9B392472C490}.MicrosoftStore|x64.ActiveCfg = MicrosoftStore|x64
		{E7DE6237-AEA2-498B-8F56-9B392472C490}.MicrosoftStore|x64.Build.0 = MicrosoftStore|x64
		{E7DE6237-AEA2-498B-8F56-9B392472C490}.MicrosoftStoreDebug|ARM64.ActiveCfg = MicrosoftStoreDebug|ARM64
		{E7DE6237-AEA2-498B-8F56-9B392472C490}.MicrosoftStoreDebug|ARM64.Build.0 = MicrosoftStoreDebug|ARM64
		{E7DE6237-AEA2-498B-8F56-9B392472C490}.MicrosoftStoreDebug|x64.ActiveCfg = MicrosoftStoreDebug|x64
		{E7DE6237-AEA2-498B-8F56-9B392472C490}.MicrosoftStoreDebug|x64.Build.0 = MicrosoftStoreDebug|x64
		{E7DE6237-AEA2-498B-8F56-9B392472C490}.Release|ARM64.ActiveCfg = Release|ARM64
		{E7DE6237-AEA2-498B-8F56-9B392472C490}.Release|ARM64.Build.0 = Release|ARM64
		{E7DE6237-AEA2-498B-8F56-9B392472C490}.Release|x64.ActiveCfg = Release|x64
		{E7DE6237-AEA2-498B-8F56-9B392472C490}.Release|x64.Build.0 = Release|x64
		{E7DE6237-AEA2-498B-8F56-9B392472C490}.Steam|ARM64.ActiveCfg = Steam|ARM64
		{E7DE6237-AEA2-498B-8F56-9B392472C490}.Steam|ARM64.Build.0 = Steam|ARM64
		{E7DE6237-AEA2-498B-8F56-9B392472C490}.Steam|x64.ActiveCfg = Steam|x64
		{E7DE6237-AEA2-498B-8F56-9B392472C490}.Steam|x64.Build.0 = Steam|x64
		{DBDB0DAA-B3AE-4CC4-A8C2-20550B7F32E3}.Debug|ARM64.ActiveCfg = Debug|ARM64
		{DBDB0DAA-B3AE-4CC4-A8C2-20550B7F32E3}.Debug|ARM64.Build.0 = Debug|ARM64
		{DBDB0DAA-B3AE-4CC4-A8C2-20550B7F32E3}.Debug|x64.ActiveCfg = Debug|x64
		{DBDB0DAA-B3AE-4CC4-A8C2-20550B7F32E3}.Debug|x64.Build.0 = Debug|x64
		{DBDB0DAA-B3AE-4CC4-A8C2-20550B7F32E3}.MicrosoftStore|ARM64.ActiveCfg = MicrosoftStore|ARM64
		{DBDB0DAA-B3AE-4CC4-A8C2-20550B7F32E3}.MicrosoftStore|ARM64.Build.0 = MicrosoftStore|ARM64
		{DBDB0DAA-B3AE-4CC4-A8C2-20550B7F32E3}.MicrosoftStore|x64.ActiveCfg = MicrosoftStore|x64
		{DBDB0DAA-B3AE-4CC4-A8C2-20550B7F32E3}.MicrosoftStore|x64.Build.0 = MicrosoftStore|x64
		{DBDB0DAA-B3AE-4CC4-A8C2-20550B7F32E3}.MicrosoftStoreDebug|ARM64.ActiveCfg = MicrosoftStoreDebug|ARM64
		{DBDB0DAA-B3AE-4CC4-A8C2-20550B7F32E3}.MicrosoftStoreDebug|ARM64.Build.0 = MicrosoftStoreDebug|ARM64
		{DBDB0DAA-B3AE-4CC4-A8C2-20550B7F32E3}.MicrosoftStoreDebug|x64.ActiveCfg = MicrosoftStoreDebug|x64
		{DBDB0DAA-B3AE-4CC4-A8C2-20550B7F32E3}.MicrosoftStoreDebug|x64.Build.0 = MicrosoftStoreDebug|x64
		{DBDB0DAA-B3AE-4CC4-A8C2-20550B7F32E3}.Release|ARM64.ActiveCfg = Release|ARM64
		{DBDB0DAA-B3AE-4CC4-A8C2-20550B7F32E3}.Release|ARM64.Build.0 = Release|ARM64
		{DBDB0DAA-B3AE-4CC4-A8C2-20550B7F32E3}.Release|x64.ActiveCfg = Release|x64
		{DBDB0DAA-B3AE-4CC4-A8C2-20550B7F32E3}.Release|x64.Build.0 = Release|x64
		{DBDB0DAA-B3AE-4CC4-A8C2-20550B7F32E3}.Steam|ARM64.ActiveCfg = Steam|ARM64
		{DBDB0DAA-B3AE-4CC4-A8C2-20550B7F32E3}.Steam|ARM64.Build.0 = Steam|ARM64
		{DBDB0DAA-B3AE-4CC4-A8C2-20550B7F32E3}.Steam|x64.ActiveCfg = Steam|x64
		{DBDB0DAA-B3AE-4CC4-A8C2-20550B7F32E3}.Steam|x64.Build.0 = Steam|x64
		{327750E1-9FB7-4CC3-8AEA-9BC42180CAD3}.Debug|ARM64.ActiveCfg = Debug|ARM64
		{327750E1-9FB7-4CC3-8AEA-9BC42180CAD3}.Debug|ARM64.Build.0 = Debug|ARM64
		{327750E1-9FB7-4CC3-8AEA-9BC42180CAD3}.Debug|x64.ActiveCfg = Debug|x64
		{327750E1-9FB7-4CC3-8AEA-9BC42180CAD3}.Debug|x64.Build.0 = Debug|x64
		{327750E1-9FB7-4CC3-8AEA-9BC42180CAD3}.MicrosoftStore|ARM64.ActiveCfg = MicrosoftStore|ARM64
		{327750E1-9FB7-4CC3-8AEA-9BC42180CAD3}.MicrosoftStore|ARM64.Build.0 = MicrosoftStore|ARM64
		{327750E1-9FB7-4CC3-8AEA-9BC42180CAD3}.MicrosoftStore|x64.ActiveCfg = MicrosoftStore|x64
		{327750E1-9FB7-4CC3-8AEA-9BC42180CAD3}.MicrosoftStore|x64.Build.0 = MicrosoftStore|x64
		{327750E1-9FB7-4CC3-8AEA-9BC42180CAD3}.MicrosoftStoreDebug|ARM64.ActiveCfg = MicrosoftStoreDebug|ARM64
		{327750E1-9FB7-4CC3-8AEA-9BC42180CAD3}.MicrosoftStoreDebug|ARM64.Build.0 = MicrosoftStoreDebug|ARM64
		{327750E1-9FB7-4CC3-8AEA-9BC42180CAD3}.MicrosoftStoreDebug|x64.ActiveCfg = MicrosoftStoreDebug|x64
		{327750E1-9FB7-4CC3-8AEA-9BC42180CAD3}.MicrosoftStoreDebug|x64.Build.0 = MicrosoftStoreDebug|x64
		{327750E1-9FB7-4CC3-8AEA-9BC42180CAD3}.Release|ARM64.ActiveCfg = Release|ARM64
		{327750E1-9FB7-4CC3-8AEA-9BC42180CAD3}.Release|ARM64.Build.0 = Release|ARM64
		{327750E1-9FB7-4CC3-8AEA-9BC42180CAD3}.Release|x64.ActiveCfg = Release|x64
		{327750E1-9FB7-4CC3-8AEA-9BC42180CAD3}.Release|x64.Build.0 = Release|x64
		{327750E1-9FB7-4CC3-8AEA-9BC42180CAD3}.Steam|ARM64.ActiveCfg = Steam|ARM64
		{327750E1-9FB7-4CC3-8AEA-9BC42180CAD3}.Steam|ARM64.Build.0 = Steam|ARM64
		{327750E1-9FB7-4CC3-8AEA-9BC42180CAD3}.Steam|x64.ActiveCfg = Steam|x64
		{327750E1-9FB7-4CC3-8AEA-9BC42180CAD3}.Steam|x64.Build.0 = Steam|x64
		{E1C94415-3424-4517-A2A1-B2FDD1F59C67}.Debug|ARM64.ActiveCfg = Debug|ARM64
		{E1C94415-3424-4517-A2A1-B2FDD1F59C67}.Debug|ARM64.Build.0 = Debug|ARM64
		{E1C94415-3424-4517-A2A1-B2FDD1F59C67}.Debug|x64.ActiveCfg = Debug|x64
		{E1C94415-3424-4517-A2A1-B2FDD1F59C67}.Debug|x64.Build.0 = Debug|x64
		{E1C94415-3424-4517-A2A1-B2FDD1F59C67}.MicrosoftStore|ARM64.ActiveCfg = MicrosoftStore|ARM64
		{E1C94415-3424-4517-A2A1-B2FDD1F59C67}.MicrosoftStore|ARM64.Build.0 = MicrosoftStore|ARM64
		{E1C94415-3424-4517-A2A1-B2FDD1F59C67}.MicrosoftStore|x64.ActiveCfg = MicrosoftStore|x64
		{E1C94415-3424-4517-A2A1-B2FDD1F59C67}.MicrosoftStore|x64.Build.0 = MicrosoftStore|x64
		{E1C94415-3424-4517-A2A1-B2FDD1F59C67}.MicrosoftStoreDebug|ARM64.ActiveCfg = MicrosoftStoreDebug|ARM64
		{E1C94415-3424-4517-A2A1-B2FDD1F59C67}.MicrosoftStoreDebug|ARM64.Build.0 = MicrosoftStoreDebug|ARM64
		{E1C94415-3424-4517-A2A1-B2FDD1F59C67}.MicrosoftStoreDebug|x64.ActiveCfg = MicrosoftStoreDebug|x64
		{E1C94415-3424-4517-A2A1-B2FDD1F59C67}.MicrosoftStoreDebug|x64.Build.0 = MicrosoftStoreDebug|x64
		{E1C94415-3424-4517-A2A1-B2FDD1F59C67}.Release|ARM64.ActiveCfg = Release|ARM64
		{E1C94415-3424-4517-A2A1-B2FDD1F59C67}.Release|ARM64.Build.0 = Release|ARM64
		{E1C94415-3424-4517-A2A1-B2FDD1F59C67}.Release|x64.ActiveCfg = Release|x64
		{E1C94415-3424-4517-A2A1-B2FDD1F59C67}.Release|x64.Build.0 = Release|x64
		{E1C94415-3424-4517-A2A1-B2FDD1F59C67}.Steam|ARM64.ActiveCfg = Steam|ARM64
		{E1C94415-3424-4517-A2A1-B2FDD1F59C67}.Steam|ARM64.Build.0 = Steam|ARM64
		{E1C94415-3424-4517-A2A1-B2FDD1F59C67}.Steam|x64.ActiveCfg = Steam|x64
		{E1C94415-3424-4517-A2A1-B2FDD1F59C67}.Steam|x64.Build.0 = Steam|x64
		{750C6F46-2C5A-4488-81D3-3B35CA50F3EE}.Debug|ARM64.ActiveCfg = Debug|ARM64
		{750C6F46-2C5A-4488-81D3-3B35CA50F3EE}.Debug|ARM64.Build.0 = Debug|ARM64
		{750C6F46-2C5A-4488-81D3-3B35CA50F3EE}.Debug|x64.ActiveCfg = Debug|x64
		{750C6F46-2C5A-4488-81D3-3B35CA50F3EE}.Debug|x64.Build.0 = Debug|x64
		{750C6F46-2C5A-4488-81D3-3B35CA50F3EE}.MicrosoftStore|ARM64.ActiveCfg = MicrosoftStore|ARM64
		{750C6F46-2C5A-4488-81D3-3B35CA50F3EE}.MicrosoftStore|ARM64.Build.0 = MicrosoftStore|ARM64
		{750C6F46-2C5A-4488-81D3-3B35CA50F3EE}.MicrosoftStore|x64.ActiveCfg = MicrosoftStore|x64
		{750C6F46-2C5A-4488-81D3-3B35CA50F3EE}.MicrosoftStore|x64.Build.0 = MicrosoftStore|x64
		{750C6F46-2C5A-4488-81D3-3B35CA50F3EE}.MicrosoftStoreDebug|ARM64.ActiveCfg = MicrosoftStoreDebug|ARM64
		{750C6F46-2C5A-4488-81D3-3B35CA50F3EE}.MicrosoftStoreDebug|ARM64.Build.0 = MicrosoftStoreDebug|ARM64
		{750C6F46-2C5A-4488-81D3-3B35CA50F3EE}.MicrosoftStoreDebug|x64.ActiveCfg = MicrosoftStoreDebug|x64
		{750C6F46-2C5A-4488-81D3-3B35CA50F3EE}.MicrosoftStoreDebug|x64.Build.0 = MicrosoftStoreDebug|x64
		{750C6F46-2C5A-4488-81D3-3B35CA50F3EE}.Release|ARM64.ActiveCfg = Release|ARM64
		{750C6F46-2C5A-4488-81D3-3B35CA50F3EE}.Release|ARM64.Build.0 = Release|ARM64
		{750C6F46-2C5A-4488-81D3-3B35CA50F3EE}.Release|x64.ActiveCfg = Release|x64
		{750C6F46-2C5A-4488-81D3-3B35CA50F3EE}.Release|x64.Build.0 = Release|x64
		{750C6F46-2C5A-4488-81D3-3B35CA50F3EE}.Steam|ARM64.ActiveCfg = Steam|ARM64
		{750C6F46-2C5A-4488-81D3-3B35CA50F3EE}.Steam|ARM64.Build.0 = Steam|ARM64
		{750C6F46-2C5A-4488-81D3-3B35CA50F3EE}.Steam|x64.ActiveCfg = Steam|x64
		{750C6F46-2C5A-4488-81D3-3B35CA50F3EE}.Steam|x64.Build.0 = Steam|x64
		{D13441B6-96E1-4D1B-8A95-58A7D6CB1E24}.Debug|ARM64.ActiveCfg = Debug|ARM64
		{D13441B6-96E1-4D1B-8A95-58A7D6CB1E24}.Debug|ARM64.Build.0 = Debug|ARM64
		{D13441B6-96E1-4D1B-8A95-58A7D6CB1E24}.Debug|x64.ActiveCfg = Debug|x64
		{D13441B6-96E1-4D1B-8A95-58A7D6CB1E24}.Debug|x64.Build.0 = Debug|x64
		{D13441B6-96E1-4D1B-8A95-58A7D6CB1E24}.MicrosoftStore|ARM64.ActiveCfg = MicrosoftStore|ARM64
		{D13441B6-96E1-4D1B-8A95-58A7D6CB1E24}.MicrosoftStore|ARM64.Build.0 = MicrosoftStore|ARM64
		{D13441B6-96E1-4D1B-8A95-58A7D6CB1E24}.MicrosoftStore|x64.ActiveCfg = MicrosoftStore|x64
		{D13441B6-96E1-4D1B-8A95-58A7D6CB1E24}.MicrosoftStore|x64.Build.0 = MicrosoftStore|x64
		{D13441B6-96E1-4D1B-8A95-58A7D6CB1E24}.MicrosoftStoreDebug|ARM64.ActiveCfg = MicrosoftStoreDebug|ARM64
		{D13441B6-96E1-4D1B-8A95-58A7D6CB1E24}.MicrosoftStoreDebug|ARM64.Build.0 = MicrosoftStoreDebug|ARM64
		{D13441B6-96E1-4D1B-8A95-58A7D6CB1E24}.MicrosoftStoreDebug|x64.ActiveCfg = MicrosoftStoreDebug|x64
		{D13441B6-96E1-4D1B-8A95-58A7D6CB1E24}.MicrosoftStoreDebug|x64.Build.0 = MicrosoftStoreDebug|x64
		{D13441B6-96E1-4D1B-8A95-58A7D6CB1E24}.Release|ARM64.ActiveCfg = Release|ARM64
		{D13441B6-96E1-4D1B-8A95-58A7D6CB1E24}.Release|ARM64.Build.0 = Release|ARM64
		{D13441B6-96E1-4D1B-8A95-58A7D6CB1E24}.Release|x64.ActiveCfg = Release|x64
		{D13441B6-96E1-4D1B-8A95-58A7D6CB1E24}.Release|x64.Build.0 = Release|x64
		{D13441B6-96E1-4D1B-8A95-58A7D6CB1E24}.Steam|ARM64.ActiveCfg = Steam|ARM64
		{D13441B6-96E1-4D1B-8A95-58A7D6CB1E24}.Steam|ARM64.Build.0 = Steam|ARM64
		{D13441B6-96E1-4D1B-8A95-58A7D6CB1E24}.Steam|x64.ActiveCfg = Steam|x64
		{D13441B6-96E1-4D1B-8A95-58A7D6CB1E24}.Steam|x64.Build.0 = Steam|x64
		{3D19A94A-7A58-4451-A686-EE70B471C206}.Debug|ARM64.ActiveCfg = Debug|ARM64
		{3D19A94A-7A58-4451-A686-EE70B471C206}.Debug|ARM64.Build.0 = Debug|ARM64
		{3D19A94A-7A58-4451-A686-EE70B471C206}.Debug|x64.ActiveCfg = Debug|x64
		{3D19A94A-7A58-4451-A686-EE70B471C206}.Debug|x64.Build.0 = Debug|x64
		{3D19A94A-7A58-4451-A686-EE70B471C206}.MicrosoftStore|ARM64.ActiveCfg = MicrosoftStore|ARM64
		{3D19A94A-7A58-4451-A686-EE70B471C206}.MicrosoftStore|ARM64.Build.0 = MicrosoftStore|ARM64
		{3D19A94A-7A58-4451-A686-EE70B471C206}.MicrosoftStore|x64.ActiveCfg = MicrosoftStore|x64
		{3D19A94A-7A58-4451-A686-EE70B471C206}.MicrosoftStore|x64.Build.0 = MicrosoftStore|x64
		{3D19A94A-7A58-4451-A686-EE70B471C206}.MicrosoftStoreDebug|ARM64.ActiveCfg = MicrosoftStoreDebug|ARM64
		{3D19A94A-7A58-4451-A686-EE70B471C206}.MicrosoftStoreDebug|ARM64.Build.0 = MicrosoftStoreDebug|ARM64
		{3D19A94A-7A58-4451-A686-EE70B471C206}.MicrosoftStoreDebug|x64.ActiveCfg = MicrosoftStoreDebug|x64
		{3D19A94A-7A58-4451-A686-EE70B471C206}.MicrosoftStoreDebug|x64.Build.0 = MicrosoftStoreDebug|x64
		{3D19A94A-7A58-4451-A686-EE70B471C206}.Release|ARM64.ActiveCfg = Release|ARM64
		{3D19A94A-7A58-4451-A686-EE70B471C206}.Release|ARM64.Build.0 = Release|ARM64
		{3D19A94A-7A58-4451-A686-EE70B471C206}.Release|x64.ActiveCfg = Release|x64
		{3D19A94A-7A58-4451-A686-EE70B471C206}.Release|x64.Build.0 = Release|x64
		{3D19A94A-7A58-4451-A686-EE70B471C206}.Steam|ARM64.ActiveCfg = Steam|ARM64
		{3D19A94A-7A58-4451-A686-EE70B471C206}.Steam|ARM64.Build.0 = Steam|ARM64
		{3D19A94A-7A58-4451-A686-EE70B471C206}.Steam|x64.ActiveCfg = Steam|x64
		{3D19A94A-7A58-4451-A686-EE70B471C206}.Steam|x64.Build.0 = Steam|x64
		{1A190E53-1419-4CC2-B0E5-3BC7EA861C8B}.Debug|ARM64.ActiveCfg = Debug|ARM64
		{1A190E53-1419-4CC2-B0E5-3BC7EA861C8B}.Debug|ARM64.Build.0 = Debug|ARM64
		{1A190E53-1419-4CC2-B0E5-3BC7EA861C8B}.Debug|x64.ActiveCfg = Debug|x64
		{1A190E53-1419-4CC2-B0E5-3BC7EA861C8B}.Debug|x64.Build.0 = Debug|x64
		{1A190E53-1419-4CC2-B0E5-3BC7EA861C8B}.MicrosoftStore|ARM64.ActiveCfg = MicrosoftStore|ARM64
		{1A190E53-1419-4CC2-B0E5-3BC7EA861C8B}.MicrosoftStore|ARM64.Build.0 = MicrosoftStore|ARM64
		{1A190E53-1419-4CC2-B0E5-3BC7EA861C8B}.MicrosoftStore|x64.ActiveCfg = MicrosoftStore|x64
		{1A190E53-1419-4CC2-B0E5-3BC7EA861C8B}.MicrosoftStore|x64.Build.0 = MicrosoftStore|x64
		{1A190E53-1419-4CC2-B0E5-3BC7EA861C8B}.MicrosoftStoreDebug|ARM64.ActiveCfg = MicrosoftStoreDebug|ARM64
		{1A190E53-1419-4CC2-B0E5-3BC7EA861C8B}.MicrosoftStoreDebug|ARM64.Build.0 = MicrosoftStoreDebug|ARM64
		{1A190E53-1419-4CC2-B0E5-3BC7EA861C8B}.MicrosoftStoreDebug|x64.ActiveCfg = MicrosoftStoreDebug|x64
		{1A190E53-1419-4CC2-B0E5-3BC7EA861C8B}.MicrosoftStoreDebug|x64.Build.0 = MicrosoftStoreDebug|x64
		{1A190E53-1419-4CC2-B0E5-3BC7EA861C8B}.Release|ARM64.ActiveCfg = Release|ARM64
		{1A190E53-1419-4CC2-B0E5-3BC7EA861C8B}.Release|ARM64.Build.0 = Release|ARM64
		{1A190E53-1419-4CC2-B0E5-3BC7EA861C8B}.Release|x64.ActiveCfg = Release|x64
		{1A190E53-1419-4CC2-B0E5-3BC7EA861C8B}.Release|x64.Build.0 = Release|x64
		{1A190E53-1419-4CC2-B0E5-3BC7EA861C8B}.Steam|ARM64.ActiveCfg = Steam|ARM64
		{1A190E53-1419-4CC2-B0E5-3BC7EA861C8B}.Steam|ARM64.Build.0 = Steam|ARM64
		{1A190E53-1419-4CC2-B0E5-3BC7EA861C8B}.Steam|x64.ActiveCfg = Steam|x64
		{1A190E53-1419-4CC2-B0E5-3BC7EA861C8B}.Steam|x64.Build.0 = Steam|x64
		{7F6ADFC5-2563-4A5F-B202-93B553578719}.Debug|ARM64.ActiveCfg = Debug|x86
		{7F6ADFC5-2563-4A5F-B202-93B553578719}.Debug|x64.ActiveCfg = Debug|x86
		{7F6ADFC5-2563-4A5F-B202-93B553578719}.Debug|x64.Build.0 = Debug|x86
		{7F6ADFC5-2563-4A5F-B202-93B553578719}.MicrosoftStore|ARM64.ActiveCfg = Release|x86
		{7F6ADFC5-2563-4A5F-B202-93B553578719}.MicrosoftStore|x64.ActiveCfg = Release|x86
		{7F6ADFC5-2563-4A5F-B202-93B553578719}.MicrosoftStore|x64.Build.0 = Release|x86
		{7F6ADFC5-2563-4A5F-B202-93B553578719}.MicrosoftStoreDebug|ARM64.ActiveCfg = Debug|x86
		{7F6ADFC5-2563-4A5F-B202-93B553578719}.MicrosoftStoreDebug|x64.ActiveCfg = Debug|x86
		{7F6ADFC5-2563-4A5F-B202-93B553578719}.MicrosoftStoreDebug|x64.Build.0 = Debug|x86
		{7F6ADFC5-2563-4A5F-B202-93B553578719}.Release|ARM64.ActiveCfg = Release|x86
		{7F6ADFC5-2563-4A5F-B202-93B553578719}.Release|x64.ActiveCfg = Release|x86
		{7F6ADFC5-2563-4A5F-B202-93B553578719}.Release|x64.Build.0 = Release|x86
		{7F6ADFC5-2563-4A5F-B202-93B553578719}.Steam|ARM64.ActiveCfg = Steam|x86
		{7F6ADFC5-2563-4A5F-B202-93B553578719}.Steam|ARM64.Build.0 = Steam|x86
		{7F6ADFC5-2563-4A5F-B202-93B553578719}.Steam|x64.ActiveCfg = Steam|x86
		{7F6ADFC5-2563-4A5F-B202-93B553578719}.Steam|x64.Build.0 = Steam|x86
		{254E398D-F7F5-4B2A-9024-5C121EA6C564}.Debug|ARM64.ActiveCfg = Debug|ARM64
		{254E398D-F7F5-4B2A-9024-5C121EA6C564}.Debug|ARM64.Build.0 = Debug|ARM64
		{254E398D-F7F5-4B2A-9024-5C121EA6C564}.Debug|x64.ActiveCfg = Debug|x64
		{254E398D-F7F5-4B2A-9024-5C121EA6C564}.Debug|x64.Build.0 = Debug|x64
		{254E398D-F7F5-4B2A-9024-5C121EA6C564}.MicrosoftStore|ARM64.ActiveCfg = MicrosoftStore|ARM64
		{254E398D-F7F5-4B2A-9024-5C121EA6C564}.MicrosoftStore|ARM64.Build.0 = MicrosoftStore|ARM64
		{254E398D-F7F5-4B2A-9024-5C121EA6C564}.MicrosoftStore|x64.ActiveCfg = MicrosoftStore|x64
		{254E398D-F7F5-4B2A-9024-5C121EA6C564}.MicrosoftStore|x64.Build.0 = MicrosoftStore|x64
		{254E398D-F7F5-4B2A-9024-5C121EA6C564}.MicrosoftStoreDebug|ARM64.ActiveCfg = MicrosoftStoreDebug|ARM64
		{254E398D-F7F5-4B2A-9024-5C121EA6C564}.MicrosoftStoreDebug|ARM64.Build.0 = MicrosoftStoreDebug|ARM64
		{254E398D-F7F5-4B2A-9024-5C121EA6C564}.MicrosoftStoreDebug|x64.ActiveCfg = MicrosoftStoreDebug|x64
		{254E398D-F7F5-4B2A-9024-5C121EA6C564}.MicrosoftStoreDebug|x64.Build.0 = MicrosoftStoreDebug|x64
		{254E398D-F7F5-4B2A-9024-5C121EA6C564}.Release|ARM64.ActiveCfg = Release|ARM64
		{254E398D-F7F5-4B2A-9024-5C121EA6C564}.Release|ARM64.Build.0 = Release|ARM64
		{254E398D-F7F5-4B2A-9024-5C121EA6C564}.Release|x64.ActiveCfg = Release|x64
		{254E398D-F7F5-4B2A-9024-5C121EA6C564}.Release|x64.Build.0 = Release|x64
		{254E398D-F7F5-4B2A-9024-5C121EA6C564}.Steam|ARM64.ActiveCfg = Steam|ARM64
		{254E398D-F7F5-4B2A-9024-5C121EA6C564}.Steam|ARM64.Build.0 = Steam|ARM64
		{254E398D-F7F5-4B2A-9024-5C121EA6C564}.Steam|x64.ActiveCfg = Steam|x64
		{254E398D-F7F5-4B2A-9024-5C121EA6C564}.Steam|x64.Build.0 = Steam|x64
		{0156A9D8-E6EC-CE3A-92B7-AE1A23B9FBAE}.Debug|ARM64.ActiveCfg = Debug|ARM64
		{0156A9D8-E6EC-CE3A-92B7-AE1A23B9FBAE}.Debug|ARM64.Build.0 = Debug|ARM64
		{0156A9D8-E6EC-CE3A-92B7-AE1A23B9FBAE}.Debug|x64.ActiveCfg = Debug|x64
		{0156A9D8-E6EC-CE3A-92B7-AE1A23B9FBAE}.Debug|x64.Build.0 = Debug|x64
		{0156A9D8-E6EC-CE3A-92B7-AE1A23B9FBAE}.MicrosoftStore|ARM64.ActiveCfg = MicrosoftStore|ARM64
		{0156A9D8-E6EC-CE3A-92B7-AE1A23B9FBAE}.MicrosoftStore|ARM64.Build.0 = MicrosoftStore|ARM64
		{0156A9D8-E6EC-CE3A-92B7-AE1A23B9FBAE}.MicrosoftStore|x64.ActiveCfg = MicrosoftStore|x64
		{0156A9D8-E6EC-CE3A-92B7-AE1A23B9FBAE}.MicrosoftStore|x64.Build.0 = MicrosoftStore|x64
		{0156A9D8-E6EC-CE3A-92B7-AE1A23B9FBAE}.MicrosoftStoreDebug|ARM64.ActiveCfg = MicrosoftStoreDebug|ARM64
		{0156A9D8-E6EC-CE3A-92B7-AE1A23B9FBAE}.MicrosoftStoreDebug|ARM64.Build.0 = MicrosoftStoreDebug|ARM64
		{0156A9D8-E6EC-CE3A-92B7-AE1A23B9FBAE}.MicrosoftStoreDebug|x64.ActiveCfg = MicrosoftStoreDebug|x64
		{0156A9D8-E6EC-CE3A-92B7-AE1A23B9FBAE}.MicrosoftStoreDebug|x64.Build.0 = MicrosoftStoreDebug|x64
		{0156A9D8-E6EC-CE3A-92B7-AE1A23B9FBAE}.Release|ARM64.ActiveCfg = Release|ARM64
		{0156A9D8-E6EC-CE3A-92B7-AE1A23B9FBAE}.Release|ARM64.Build.0 = Release|ARM64
		{0156A9D8-E6EC-CE3A-92B7-AE1A23B9FBAE}.Release|x64.ActiveCfg = Release|x64
		{0156A9D8-E6EC-CE3A-92B7-AE1A23B9FBAE}.Release|x64.Build.0 = Release|x64
		{0156A9D8-E6EC-CE3A-92B7-AE1A23B9FBAE}.Steam|ARM64.ActiveCfg = Steam|ARM64
		{0156A9D8-E6EC-CE3A-92B7-AE1A23B9FBAE}.Steam|ARM64.Build.0 = Steam|ARM64
		{0156A9D8-E6EC-CE3A-92B7-AE1A23B9FBAE}.Steam|x64.ActiveCfg = Steam|x64
		{0156A9D8-E6EC-CE3A-92B7-AE1A23B9FBAE}.Steam|x64.Build.0 = Steam|x64
		{2B7C7A64-7C25-4EEC-4CF0-73AB0C7788BA}.Debug|ARM64.ActiveCfg = Debug|ARM64
		{2B7C7A64-7C25-4EEC-4CF0-73AB0C7788BA}.Debug|ARM64.Build.0 = Debug|ARM64
		{2B7C7A64-7C25-4EEC-4CF0-73AB0C7788BA}.Debug|x64.ActiveCfg = Debug|x64
		{2B7C7A64-7C25-4EEC-4CF0-73AB0C7788BA}.Debug|x64.Build.0 = Debug|x64
		{2B7C7A64-7C25-4EEC-4CF0-73AB0C7788BA}.MicrosoftStore|ARM64.ActiveCfg = MicrosoftStore|ARM64
		{2B7C7A64-7C25-4EEC-4CF0-73AB0C7788BA}.MicrosoftStore|ARM64.Build.0 = MicrosoftStore|ARM64
		{2B7C7A64-7C25-4EEC-4CF0-73AB0C7788BA}.MicrosoftStore|x64.ActiveCfg = MicrosoftStore|x64
		{2B7C7A64-7C25-4EEC-4CF0-73AB0C7788BA}.MicrosoftStore|x64.Build.0 = MicrosoftStore|x64
		{2B7C7A64-7C25-4EEC-4CF0-73AB0C7788BA}.MicrosoftStoreDebug|ARM64.ActiveCfg = MicrosoftStoreDebug|ARM64
		{2B7C7A64-7C25-4EEC-4CF0-73AB0C7788BA}.MicrosoftStoreDebug|ARM64.Build.0 = MicrosoftStoreDebug|ARM64
		{2B7C7A64-7C25-4EEC-4CF0-73AB0C7788BA}.MicrosoftStoreDebug|x64.ActiveCfg = MicrosoftStoreDebug|x64
		{2B7C7A64-7C25-4EEC-4CF0-73AB0C7788BA}.MicrosoftStoreDebug|x64.Build.0 = MicrosoftStoreDebug|x64
		{2B7C7A64-7C25-4EEC-4CF0-73AB0C7788BA}.Release|ARM64.ActiveCfg = Release|ARM64
		{2B7C7A64-7C25-4EEC-4CF0-73AB0C7788BA}.Release|ARM64.Build.0 = Release|ARM64
		{2B7C7A64-7C25-4EEC-4CF0-73AB0C7788BA}.Release|x64.ActiveCfg = Release|x64
		{2B7C7A64-7C25-4EEC-4CF0-73AB0C7788BA}.Release|x64.Build.0 = Release|x64
		{2B7C7A64-7C25-4EEC-4CF0-73AB0C7788BA}.Steam|ARM64.ActiveCfg = Steam|ARM64
		{2B7C7A64-7C25-4EEC-4CF0-73AB0C7788BA}.Steam|ARM64.Build.0 = Steam|ARM64
		{2B7C7A64-7C25-4EEC-4CF0-73AB0C7788BA}.Steam|x64.ActiveCfg = Steam|x64
		{2B7C7A64-7C25-4EEC-4CF0-73AB0C7788BA}.Steam|x64.Build.0 = Steam|x64
	EndGlobalSection
	GlobalSection(SolutionProperties) = preSolution
		HideSolutionNode = FALSE
	EndGlobalSection
	GlobalSection(ExtensibilityGlobals) = postSolution
		SolutionGuid = {DEACF1C2-28EE-44DF-B55E-2234F6137272}
	EndGlobalSection
EndGlobal
